{
  "name": "bing-dwen-dwen",
  "lockfileVersion": 2,
  "requires": true,
  "packages": {
    "": {
      "dependencies": {
        "style.js": "^0.0.2"
      }
    },
    "node_modules/style.js": {
      "version": "0.0.2",
      "resolved": "https://registry.npmmirror.com/style.js/-/style.js-0.0.2.tgz",
      "integrity": "sha512-mKlVFLGUycQb+D7J96ssRyy7J4YcGFjCYKDS4CCcgmyE9Fd8yRGojwLUoF3IrjtrEj7C7r02S1QzvhNTsIiLbQ=="
    }
  },
  "dependencies": {
    "style.js": {
      "version": "0.0.2",
      "resolved": "https://registry.npmmirror.com/style.js/-/style.js-0.0.2.tgz",
      "integrity": "sha512-mKlVFLGUycQb+D7J96ssRyy7J4YcGFjCYKDS4CCcgmyE9Fd8yRGojwLUoF3IrjtrEj7C7r02S1QzvhNTsIiLbQ=="
    }
  }
}
